
Microsoft Visual Studio Solution File, Format Version 12.00
# Visual Studio 15
VisualStudioVersion = 15.0.27004.2009
MinimumVisualStudioVersion = 10.0.40219.1
Project("{9A19103F-16F7-4668-BE54-9A1E7A4F7556}") = "startup", "startup\startup.csproj", "{3A0D26E7-00E3-48EE-A508-CD95C687DB73}"
EndProject
Project("{2150E333-8FDC-42A3-9474-1A3956D46DE8}") = "Infrastructure(基础服务)", "Infrastructure(基础服务)", "{3D032EB7-D225-4175-88A1-1E68DC4CF54E}"
EndProject
Project("{9A19103F-16F7-4668-BE54-9A1E7A4F7556}") = "CoreCommon", "CoreCommon\CoreCommon.csproj", "{950BDC4F-AC4C-4F9A-9E96-AAED1C24858B}"
EndProject
Project("{2150E333-8FDC-42A3-9474-1A3956D46DE8}") = "BusinesServices(业务层)", "BusinesServices(业务层)", "{7825E080-2586-48C1-B9E6-450F62900C1B}"
EndProject
Project("{9A19103F-16F7-4668-BE54-9A1E7A4F7556}") = "IStandard.Examples", "IStandard.Examples\IStandard.Examples.csproj", "{4CDD5B52-B864-4EB0-A016-A7A25246EC5F}"
EndProject
Project("{2150E333-8FDC-42A3-9474-1A3956D46DE8}") = "Model", "Model", "{4B6B64F6-22FE-45A4-9CB8-A68C7ABEDD62}"
EndProject
Project("{2150E333-8FDC-42A3-9474-1A3956D46DE8}") = "Startups", "Startups", "{9080F92E-A237-4A86-AD37-9AA25FBBFEB1}"
EndProject
Project("{9A19103F-16F7-4668-BE54-9A1E7A4F7556}") = "DBContextEntity", "DBContextEntity\DBContextEntity.csproj", "{B642910D-8378-407C-90D0-F8AD06F5BDFB}"
EndProject
Project("{9A19103F-16F7-4668-BE54-9A1E7A4F7556}") = "CoreDomain", "CoreDomain\CoreDomain.csproj", "{3EE6C4B2-62A2-4A66-84EA-DAEF934506A3}"
EndProject
Project("{2150E333-8FDC-42A3-9474-1A3956D46DE8}") = "Tests", "Tests", "{C7A740D0-9454-4E4C-8DA3-50E49AB939F6}"
EndProject
Project("{9A19103F-16F7-4668-BE54-9A1E7A4F7556}") = "AllTests", "AllTests\AllTests.csproj", "{C3D17F44-85AB-4316-A284-C75C5ED43973}"
EndProject
Project("{9A19103F-16F7-4668-BE54-9A1E7A4F7556}") = "Standard.Examples", "Standard.Examples\Standard.Examples.csproj", "{CC92812E-8A53-4BD5-8A47-7189BE1D7AC4}"
EndProject
Global
	GlobalSection(SolutionConfigurationPlatforms) = preSolution
		Debug|Any CPU = Debug|Any CPU
		Release|Any CPU = Release|Any CPU
	EndGlobalSection
	GlobalSection(ProjectConfigurationPlatforms) = postSolution
		{3A0D26E7-00E3-48EE-A508-CD95C687DB73}.Debug|Any CPU.ActiveCfg = Debug|Any CPU
		{3A0D26E7-00E3-48EE-A508-CD95C687DB73}.Debug|Any CPU.Build.0 = Debug|Any CPU
		{3A0D26E7-00E3-48EE-A508-CD95C687DB73}.Release|Any CPU.ActiveCfg = Release|Any CPU
		{3A0D26E7-00E3-48EE-A508-CD95C687DB73}.Release|Any CPU.Build.0 = Release|Any CPU
		{950BDC4F-AC4C-4F9A-9E96-AAED1C24858B}.Debug|Any CPU.ActiveCfg = Debug|Any CPU
		{950BDC4F-AC4C-4F9A-9E96-AAED1C24858B}.Debug|Any CPU.Build.0 = Debug|Any CPU
		{950BDC4F-AC4C-4F9A-9E96-AAED1C24858B}.Release|Any CPU.ActiveCfg = Release|Any CPU
		{950BDC4F-AC4C-4F9A-9E96-AAED1C24858B}.Release|Any CPU.Build.0 = Release|Any CPU
		{4CDD5B52-B864-4EB0-A016-A7A25246EC5F}.Debug|Any CPU.ActiveCfg = Debug|Any CPU
		{4CDD5B52-B864-4EB0-A016-A7A25246EC5F}.Debug|Any CPU.Build.0 = Debug|Any CPU
		{4CDD5B52-B864-4EB0-A016-A7A25246EC5F}.Release|Any CPU.ActiveCfg = Release|Any CPU
		{4CDD5B52-B864-4EB0-A016-A7A25246EC5F}.Release|Any CPU.Build.0 = Release|Any CPU
		{B642910D-8378-407C-90D0-F8AD06F5BDFB}.Debug|Any CPU.ActiveCfg = Debug|Any CPU
		{B642910D-8378-407C-90D0-F8AD06F5BDFB}.Debug|Any CPU.Build.0 = Debug|Any CPU
		{B642910D-8378-407C-90D0-F8AD06F5BDFB}.Release|Any CPU.ActiveCfg = Release|Any CPU
		{B642910D-8378-407C-90D0-F8AD06F5BDFB}.Release|Any CPU.Build.0 = Release|Any CPU
		{3EE6C4B2-62A2-4A66-84EA-DAEF934506A3}.Debug|Any CPU.ActiveCfg = Debug|Any CPU
		{3EE6C4B2-62A2-4A66-84EA-DAEF934506A3}.Debug|Any CPU.Build.0 = Debug|Any CPU
		{3EE6C4B2-62A2-4A66-84EA-DAEF934506A3}.Release|Any CPU.ActiveCfg = Release|Any CPU
		{3EE6C4B2-62A2-4A66-84EA-DAEF934506A3}.Release|Any CPU.Build.0 = Release|Any CPU
		{C3D17F44-85AB-4316-A284-C75C5ED43973}.Debug|Any CPU.ActiveCfg = Debug|Any CPU
		{C3D17F44-85AB-4316-A284-C75C5ED43973}.Debug|Any CPU.Build.0 = Debug|Any CPU
		{C3D17F44-85AB-4316-A284-C75C5ED43973}.Release|Any CPU.ActiveCfg = Release|Any CPU
		{C3D17F44-85AB-4316-A284-C75C5ED43973}.Release|Any CPU.Build.0 = Release|Any CPU
		{CC92812E-8A53-4BD5-8A47-7189BE1D7AC4}.Debug|Any CPU.ActiveCfg = Debug|Any CPU
		{CC92812E-8A53-4BD5-8A47-7189BE1D7AC4}.Debug|Any CPU.Build.0 = Debug|Any CPU
		{CC92812E-8A53-4BD5-8A47-7189BE1D7AC4}.Release|Any CPU.ActiveCfg = Release|Any CPU
		{CC92812E-8A53-4BD5-8A47-7189BE1D7AC4}.Release|Any CPU.Build.0 = Release|Any CPU
	EndGlobalSection
	GlobalSection(SolutionProperties) = preSolution
		HideSolutionNode = FALSE
	EndGlobalSection
	GlobalSection(NestedProjects) = preSolution
		{3A0D26E7-00E3-48EE-A508-CD95C687DB73} = {9080F92E-A237-4A86-AD37-9AA25FBBFEB1}
		{950BDC4F-AC4C-4F9A-9E96-AAED1C24858B} = {3D032EB7-D225-4175-88A1-1E68DC4CF54E}
		{4CDD5B52-B864-4EB0-A016-A7A25246EC5F} = {7825E080-2586-48C1-B9E6-450F62900C1B}
		{B642910D-8378-407C-90D0-F8AD06F5BDFB} = {4B6B64F6-22FE-45A4-9CB8-A68C7ABEDD62}
		{3EE6C4B2-62A2-4A66-84EA-DAEF934506A3} = {3D032EB7-D225-4175-88A1-1E68DC4CF54E}
		{C3D17F44-85AB-4316-A284-C75C5ED43973} = {C7A740D0-9454-4E4C-8DA3-50E49AB939F6}
		{CC92812E-8A53-4BD5-8A47-7189BE1D7AC4} = {7825E080-2586-48C1-B9E6-450F62900C1B}
	EndGlobalSection
	GlobalSection(ExtensibilityGlobals) = postSolution
		SolutionGuid = {D99A18F3-0D6F-4EDD-8257-3AF7EAF46E27}
	EndGlobalSection
EndGlobal
